// !$*UTF8*$!
{
	archiveVersion = 1;
	classes = {
	};
	objectVersion = 46;
	objects = {

/* Begin PBXBuildFile section */
		891D9E101D6D211B00DB0376 /* Friend.m in Sources */ = {isa = PBXBuildFile; fileRef = 891D9E0A1D6D211B00DB0376 /* Friend.m */; };
		891D9E111D6D211B00DB0376 /* FriendGroup.m in Sources */ = {isa = PBXBuildFile; fileRef = 891D9E0C1D6D211B00DB0376 /* FriendGroup.m */; };
		891D9E121D6D211B00DB0376 /* friends.plist in Resources */ = {isa = PBXBuildFile; fileRef = 891D9E0D1D6D211B00DB0376 /* friends.plist */; };
		891D9E131D6D211B00DB0376 /* HeaderView.m in Sources */ = {isa = PBXBuildFile; fileRef = 891D9E0F1D6D211B00DB0376 /* HeaderView.m */; };
		892926301D01074500246880 /* main.m in Sources */ = {isa = PBXBuildFile; fileRef = 8929262F1D01074500246880 /* main.m */; };
		892926331D01074500246880 /* AppDelegate.m in Sources */ = {isa = PBXBuildFile; fileRef = 892926321D01074500246880 /* AppDelegate.m */; };
		892926361D01074500246880 /* ViewController.m in Sources */ = {isa = PBXBuildFile; fileRef = 892926351D01074500246880 /* ViewController.m */; };
		892926391D01074500246880 /* Main.storyboard in Resources */ = {isa = PBXBuildFile; fileRef = 892926371D01074500246880 /* Main.storyboard */; };
		8929263B1D01074500246880 /* Assets.xcassets in Resources */ = {isa = PBXBuildFile; fileRef = 8929263A1D01074500246880 /* Assets.xcassets */; };
		8929263E1D01074500246880 /* LaunchScreen.storyboard in Resources */ = {isa = PBXBuildFile; fileRef = 8929263C1D01074500246880 /* LaunchScreen.storyboard */; };
		892926491D01074500246880 /* ____Tests.m in Sources */ = {isa = PBXBuildFile; fileRef = 892926481D01074500246880 /* ____Tests.m */; };
		892926541D01074500246880 /* ____UITests.m in Sources */ = {isa = PBXBuildFile; fileRef = 892926531D01074500246880 /* ____UITests.m */; };
/* End PBXBuildFile section */

/* Begin PBXContainerItemProxy section */
		892926451D01074500246880 /* PBXContainerItemProxy */ = {
			isa = PBXContainerItemProxy;
			containerPortal = 892926231D01074500246880 /* Project object */;
			proxyType = 1;
			remoteGlobalIDString = 8929262A1D01074500246880;
			remoteInfo = "二级列表";
		};
		892926501D01074500246880 /* PBXContainerItemProxy */ = {
			isa = PBXContainerItemProxy;
			containerPortal = 892926231D01074500246880 /* Project object */;
			proxyType = 1;
			remoteGlobalIDString = 8929262A1D01074500246880;
			remoteInfo = "二级列表";
		};
/* End PBXContainerItemProxy section */

/* Begin PBXFileReference section */
		891D9E091D6D211B00DB0376 /* Friend.h */ = {isa = PBXFileReference; fileEncoding = 4; lastKnownFileType = sourcecode.c.h; path = Friend.h; sourceTree = "<group>"; };
		891D9E0A1D6D211B00DB0376 /* Friend.m */ = {isa = PBXFileReference; fileEncoding = 4; lastKnownFileType = sourcecode.c.objc; path = Friend.m; sourceTree = "<group>"; };
		891D9E0B1D6D211B00DB0376 /* FriendGroup.h */ = {isa = PBXFileReference; fileEncoding = 4; lastKnownFileType = sourcecode.c.h; path = FriendGroup.h; sourceTree = "<group>"; };
		891D9E0C1D6D211B00DB0376 /* FriendGroup.m */ = {isa = PBXFileReference; fileEncoding = 4; lastKnownFileType = sourcecode.c.objc; path = FriendGroup.m; sourceTree = "<group>"; };
		891D9E0D1D6D211B00DB0376 /* friends.plist */ = {isa = PBXFileReference; fileEncoding = 4; lastKnownFileType = text.plist.xml; path = friends.plist; sourceTree = "<group>"; };
		891D9E0E1D6D211B00DB0376 /* HeaderView.h */ = {isa = PBXFileReference; fileEncoding = 4; lastKnownFileType = sourcecode.c.h; path = HeaderView.h; sourceTree = "<group>"; };
		891D9E0F1D6D211B00DB0376 /* HeaderView.m */ = {isa = PBXFileReference; fileEncoding = 4; lastKnownFileType = sourcecode.c.objc; path = HeaderView.m; sourceTree = "<group>"; };
		8929262B1D01074500246880 /* 二级列表.app */ = {isa = PBXFileReference; explicitFileType = wrapper.application; includeInIndex = 0; path = "二级列表.app"; sourceTree = BUILT_PRODUCTS_DIR; };
		8929262F1D01074500246880 /* main.m */ = {isa = PBXFileReference; lastKnownFileType = sourcecode.c.objc; path = main.m; sourceTree = "<group>"; };
		892926311D01074500246880 /* AppDelegate.h */ = {isa = PBXFileReference; lastKnownFileType = sourcecode.c.h; path = AppDelegate.h; sourceTree = "<group>"; };
		892926321D01074500246880 /* AppDelegate.m */ = {isa = PBXFileReference; lastKnownFileType = sourcecode.c.objc; path = AppDelegate.m; sourceTree = "<group>"; };
		892926341D01074500246880 /* ViewController.h */ = {isa = PBXFileReference; lastKnownFileType = sourcecode.c.h; path = ViewController.h; sourceTree = "<group>"; };
		892926351D01074500246880 /* ViewController.m */ = {isa = PBXFileReference; lastKnownFileType = sourcecode.c.objc; path = ViewController.m; sourceTree = "<group>"; };
		892926381D01074500246880 /* Base */ = {isa = PBXFileReference; lastKnownFileType = file.storyboard; name = Base; path = Base.lproj/Main.storyboard; sourceTree = "<group>"; };
		8929263A1D01074500246880 /* Assets.xcassets */ = {isa = PBXFileReference; lastKnownFileType = folder.assetcatalog; path = Assets.xcassets; sourceTree = "<group>"; };
		8929263D1D01074500246880 /* Base */ = {isa = PBXFileReference; lastKnownFileType = file.storyboard; name = Base; path = Base.lproj/LaunchScreen.storyboard; sourceTree = "<group>"; };
		8929263F1D01074500246880 /* Info.plist */ = {isa = PBXFileReference; lastKnownFileType = text.plist.xml; path = Info.plist; sourceTree = "<group>"; };
		892926441D01074500246880 /* 二级列表Tests.xctest */ = {isa = PBXFileReference; explicitFileType = wrapper.cfbundle; includeInIndex = 0; path = "二级列表Tests.xctest"; sourceTree = BUILT_PRODUCTS_DIR; };
		892926481D01074500246880 /* ____Tests.m */ = {isa = PBXFileReference; lastKnownFileType = sourcecode.c.objc; path = "____Tests.m"; sourceTree = "<group>"; };
		8929264A1D01074500246880 /* Info.plist */ = {isa = PBXFileReference; lastKnownFileType = text.plist.xml; path = Info.plist; sourceTree = "<group>"; };
		8929264F1D01074500246880 /* 二级列表UITests.xctest */ = {isa = PBXFileReference; explicitFileType = wrapper.cfbundle; includeInIndex = 0; path = "二级列表UITests.xctest"; sourceTree = BUILT_PRODUCTS_DIR; };
		892926531D01074500246880 /* ____UITests.m */ = {isa = PBXFileReference; lastKnownFileType = sourcecode.c.objc; path = "____UITests.m"; sourceTree = "<group>"; };
		892926551D01074500246880 /* Info.plist */ = {isa = PBXFileReference; lastKnownFileType = text.plist.xml; path = Info.plist; sourceTree = "<group>"; };
/* End PBXFileReference section */

/* Begin PBXFrameworksBuildPhase section */
		892926281D01074500246880 /* Frameworks */ = {
			isa = PBXFrameworksBuildPhase;
			buildActionMask = 2147483647;
			files = (
			);
			runOnlyForDeploymentPostprocessing = 0;
		};
		892926411D01074500246880 /* Frameworks */ = {
			isa = PBXFrameworksBuildPhase;
			buildActionMask = 2147483647;
			files = (
			);
			runOnlyForDeploymentPostprocessing = 0;
		};
		8929264C1D01074500246880 /* Frameworks */ = {
			isa = PBXFrameworksBuildPhase;
			buildActionMask = 2147483647;
			files = (
			);
			runOnlyForDeploymentPostprocessing = 0;
		};
/* End PBXFrameworksBuildPhase section */

/* Begin PBXGroup section */
		891D9E081D6D211B00DB0376 /* Model */ = {
			isa = PBXGroup;
			children = (
				891D9E091D6D211B00DB0376 /* Friend.h */,
				891D9E0A1D6D211B00DB0376 /* Friend.m */,
				891D9E0B1D6D211B00DB0376 /* FriendGroup.h */,
				891D9E0C1D6D211B00DB0376 /* FriendGroup.m */,
				891D9E0D1D6D211B00DB0376 /* friends.plist */,
				891D9E0E1D6D211B00DB0376 /* HeaderView.h */,
				891D9E0F1D6D211B00DB0376 /* HeaderView.m */,
			);
			path = Model;
			sourceTree = "<group>";
		};
		892926221D01074500246880 = {
			isa = PBXGroup;
			children = (
				8929262D1D01074500246880 /* 二级列表 */,
				892926471D01074500246880 /* 二级列表Tests */,
				892926521D01074500246880 /* 二级列表UITests */,
				8929262C1D01074500246880 /* Products */,
			);
			sourceTree = "<group>";
		};
		8929262C1D01074500246880 /* Products */ = {
			isa = PBXGroup;
			children = (
				8929262B1D01074500246880 /* 二级列表.app */,
				892926441D01074500246880 /* 二级列表Tests.xctest */,
				8929264F1D01074500246880 /* 二级列表UITests.xctest */,
			);
			name = Products;
			sourceTree = "<group>";
		};
		8929262D1D01074500246880 /* 二级列表 */ = {
			isa = PBXGroup;
			children = (
				892926311D01074500246880 /* AppDelegate.h */,
				892926321D01074500246880 /* AppDelegate.m */,
				892926341D01074500246880 /* ViewController.h */,
				892926351D01074500246880 /* ViewController.m */,
				892926371D01074500246880 /* Main.storyboard */,
				891D9E081D6D211B00DB0376 /* Model */,
				8929263A1D01074500246880 /* Assets.xcassets */,
				8929263C1D01074500246880 /* LaunchScreen.storyboard */,
				8929263F1D01074500246880 /* Info.plist */,
				8929262E1D01074500246880 /* Supporting Files */,
			);
			path = "二级列表";
			sourceTree = "<group>";
		};
		8929262E1D01074500246880 /* Supporting Files */ = {
			isa = PBXGroup;
			children = (
				8929262F1D01074500246880 /* main.m */,
			);
			name = "Supporting Files";
			sourceTree = "<group>";
		};
		892926471D01074500246880 /* 二级列表Tests */ = {
			isa = PBXGroup;
			children = (
				892926481D01074500246880 /* ____Tests.m */,
				8929264A1D01074500246880 /* Info.plist */,
			);
			path = "二级列表Tests";
			sourceTree = "<group>";
		};
		892926521D01074500246880 /* 二级列表UITests */ = {
			isa = PBXGroup;
			children = (
				892926531D01074500246880 /* ____UITests.m */,
				892926551D01074500246880 /* Info.plist */,
			);
			path = "二级列表UITests";
			sourceTree = "<group>";
		};
/* End PBXGroup section */

/* Begin PBXNativeTarget section */
		8929262A1D01074500246880 /* 二级列表 */ = {
			isa = PBXNativeTarget;
			buildConfigurationList = 892926581D01074500246880 /* Build configuration list for PBXNativeTarget "二级列表" */;
			buildPhases = (
				892926271D01074500246880 /* Sources */,
				892926281D01074500246880 /* Frameworks */,
				892926291D01074500246880 /* Resources */,
			);
			buildRules = (
			);
			dependencies = (
			);
			name = "二级列表";
			productName = "二级列表";
			productReference = 8929262B1D01074500246880 /* 二级列表.app */;
			productType = "com.apple.product-type.application";
		};
		892926431D01074500246880 /* 二级列表Tests */ = {
			isa = PBXNativeTarget;
			buildConfigurationList = 8929265B1D01074500246880 /* Build configuration list for PBXNativeTarget "二级列表Tests" */;
			buildPhases = (
				892926401D01074500246880 /* Sources */,
				892926411D01074500246880 /* Frameworks */,
				892926421D01074500246880 /* Resources */,
			);
			buildRules = (
			);
			dependencies = (
				892926461D01074500246880 /* PBXTargetDependency */,
			);
			name = "二级列表Tests";
			productName = "二级列表Tests";
			productReference = 892926441D01074500246880 /* 二级列表Tests.xctest */;
			productType = "com.apple.product-type.bundle.unit-test";
		};
		8929264E1D01074500246880 /* 二级列表UITests */ = {
			isa = PBXNativeTarget;
			buildConfigurationList = 8929265E1D01074500246880 /* Build configuration list for PBXNativeTarget "二级列表UITests" */;
			buildPhases = (
				8929264B1D01074500246880 /* Sources */,
				8929264C1D01074500246880 /* Frameworks */,
				8929264D1D01074500246880 /* Resources */,
			);
			buildRules = (
			);
			dependencies = (
				892926511D01074500246880 /* PBXTargetDependency */,
			);
			name = "二级列表UITests";
			productName = "二级列表UITests";
			productReference = 8929264F1D01074500246880 /* 二级列表UITests.xctest */;
			productType = "com.apple.product-type.bundle.ui-testing";
		};
/* End PBXNativeTarget section */

/* Begin PBXProject section */
		892926231D01074500246880 /* Project object */ = {
			isa = PBXProject;
			attributes = {
				LastUpgradeCheck = 0720;
				ORGANIZATIONNAME = mac1;
				TargetAttributes = {
					8929262A1D01074500246880 = {
						CreatedOnToolsVersion = 7.2.1;
						DevelopmentTeam = PUZ42DRBXX;
					};
					892926431D01074500246880 = {
						CreatedOnToolsVersion = 7.2.1;
						DevelopmentTeam = PUZ42DRBXX;
						TestTargetID = 8929262A1D01074500246880;
					};
					8929264E1D01074500246880 = {
						CreatedOnToolsVersion = 7.2.1;
						DevelopmentTeam = PUZ42DRBXX;
						TestTargetID = 8929262A1D01074500246880;
					};
				};
			};
			buildConfigurationList = 892926261D01074500246880 /* Build configuration list for PBXProject "二级列表" */;
			compatibilityVersion = "Xcode 3.2";
			developmentRegion = English;
			hasScannedForEncodings = 0;
			knownRegions = (
				en,
				Base,
			);
			mainGroup = 892926221D01074500246880;
			productRefGroup = 8929262C1D01074500246880 /* Products */;
			projectDirPath = "";
			projectRoot = "";
			targets = (
				8929262A1D01074500246880 /* 二级列表 */,
				892926431D01074500246880 /* 二级列表Tests */,
				8929264E1D01074500246880 /* 二级列表UITests */,
			);
		};
/* End PBXProject section */

/* Begin PBXResourcesBuildPhase section */
		892926291D01074500246880 /* Resources */ = {
			isa = PBXResourcesBuildPhase;
			buildActionMask = 2147483647;
			files = (
				8929263E1D01074500246880 /* LaunchScreen.storyboard in Resources */,
				8929263B1D01074500246880 /* Assets.xcassets in Resources */,
				891D9E121D6D211B00DB0376 /* friends.plist in Resources */,
				892926391D01074500246880 /* Main.storyboard in Resources */,
			);
			runOnlyForDeploymentPostprocessing = 0;
		};
		892926421D01074500246880 /* Resources */ = {
			isa = PBXResourcesBuildPhase;
			buildActionMask = 2147483647;
			files = (
			);
			runOnlyForDeploymentPostprocessing = 0;
		};
		8929264D1D01074500246880 /* Resources */ = {
			isa = PBXResourcesBuildPhase;
			buildActionMask = 2147483647;
			files = (
			);
			runOnlyForDeploymentPostprocessing = 0;
		};
/* End PBXResourcesBuildPhase section */

/* Begin PBXSourcesBuildPhase section */
		892926271D01074500246880 /* Sources */ = {
			isa = PBXSourcesBuildPhase;
			buildActionMask = 2147483647;
			files = (
				891D9E111D6D211B00DB0376 /* FriendGroup.m in Sources */,
				891D9E131D6D211B00DB0376 /* HeaderView.m in Sources */,
				892926361D01074500246880 /* ViewController.m in Sources */,
				892926331D01074500246880 /* AppDelegate.m in Sources */,
				892926301D01074500246880 /* main.m in Sources */,
				891D9E101D6D211B00DB0376 /* Friend.m in Sources */,
			);
			runOnlyForDeploymentPostprocessing = 0;
		};
		892926401D01074500246880 /* Sources */ = {
			isa = PBXSourcesBuildPhase;
			buildActionMask = 2147483647;
			files = (
				892926491D01074500246880 /* ____Tests.m in Sources */,
			);
			runOnlyForDeploymentPostprocessing = 0;
		};
		8929264B1D01074500246880 /* Sources */ = {
			isa = PBXSourcesBuildPhase;
			buildActionMask = 2147483647;
			files = (
				892926541D01074500246880 /* ____UITests.m in Sources */,
			);
			runOnlyForDeploymentPostprocessing = 0;
		};
/* End PBXSourcesBuildPhase section */

/* Begin PBXTargetDependency section */
		892926461D01074500246880 /* PBXTargetDependency */ = {
			isa = PBXTargetDependency;
			target = 8929262A1D01074500246880 /* 二级列表 */;
			targetProxy = 892926451D01074500246880 /* PBXContainerItemProxy */;
		};
		892926511D01074500246880 /* PBXTargetDependency */ = {
			isa = PBXTargetDependency;
			target = 8929262A1D01074500246880 /* 二级列表 */;
			targetProxy = 892926501D01074500246880 /* PBXContainerItemProxy */;
		};
/* End PBXTargetDependency section */

/* Begin PBXVariantGroup section */
		892926371D01074500246880 /* Main.storyboard */ = {
			isa = PBXVariantGroup;
			children = (
				892926381D01074500246880 /* Base */,
			);
			name = Main.storyboard;
			sourceTree = "<group>";
		};
		8929263C1D01074500246880 /* LaunchScreen.storyboard */ = {
			isa = PBXVariantGroup;
			children = (
				8929263D1D01074500246880 /* Base */,
			);
			name = LaunchScreen.storyboard;
			sourceTree = "<group>";
		};
/* End PBXVariantGroup section */

/* Begin XCBuildConfiguration section */
		892926561D01074500246880 /* Debug */ = {
			isa = XCBuildConfiguration;
			buildSettings = {
				ALWAYS_SEARCH_USER_PATHS = NO;
				CLANG_CXX_LANGUAGE_STANDARD = "gnu++0x";
				CLANG_CXX_LIBRARY = "libc++";
				CLANG_ENABLE_MODULES = YES;
				CLANG_ENABLE_OBJC_ARC = YES;
				CLANG_WARN_BOOL_CONVERSION = YES;
				CLANG_WARN_CONSTANT_CONVERSION = YES;
				CLANG_WARN_DIRECT_OBJC_ISA_USAGE = YES_ERROR;
				CLANG_WARN_EMPTY_BODY = YES;
				CLANG_WARN_ENUM_CONVERSION = YES;
				CLANG_WARN_INT_CONVERSION = YES;
				CLANG_WARN_OBJC_ROOT_CLASS = YES_ERROR;
				CLANG_WARN_UNREACHABLE_CODE = YES;
				CLANG_WARN__DUPLICATE_METHOD_MATCH = YES;
				"CODE_SIGN_IDENTITY[sdk=iphoneos*]" = "iPhone Developer";
				COPY_PHASE_STRIP = NO;
				DEBUG_INFORMATION_FORMAT = dwarf;
				ENABLE_STRICT_OBJC_MSGSEND = YES;
				ENABLE_TESTABILITY = YES;
				GCC_C_LANGUAGE_STANDARD = gnu99;
				GCC_DYNAMIC_NO_PIC = NO;
				GCC_NO_COMMON_BLOCKS = YES;
				GCC_OPTIMIZATION_LEVEL = 0;
				GCC_PREPROCESSOR_DEFINITIONS = (
					"DEBUG=1",
					"$(inherited)",
				);
				GCC_WARN_64_TO_32_BIT_CONVERSION = YES;
				GCC_WARN_ABOUT_RETURN_TYPE = YES_ERROR;
				GCC_WARN_UNDECLARED_SELECTOR = YES;
				GCC_WARN_UNINITIALIZED_AUTOS = YES_AGGRESSIVE;
				GCC_WARN_UNUSED_FUNCTION = YES;
				GCC_WARN_UNUSED_VARIABLE = YES;
				IPHONEOS_DEPLOYMENT_TARGET = 9.2;
				MTL_ENABLE_DEBUG_INFO = YES;
				ONLY_ACTIVE_ARCH = YES;
				SDKROOT = iphoneos;
			};
			name = Debug;
		};
		892926571D01074500246880 /* Release */ = {
			isa = XCBuildConfiguration;
			buildSettings = {
				ALWAYS_SEARCH_USER_PATHS = NO;
				CLANG_CXX_LANGUAGE_STANDARD = "gnu++0x";
				CLANG_CXX_LIBRARY = "libc++";
				CLANG_ENABLE_MODULES = YES;
				CLANG_ENABLE_OBJC_ARC = YES;
				CLANG_WARN_BOOL_CONVERSION = YES;
				CLANG_WARN_CONSTANT_CONVERSION = YES;
				CLANG_WARN_DIRECT_OBJC_ISA_USAGE = YES_ERROR;
				CLANG_WARN_EMPTY_BODY = YES;
				CLANG_WARN_ENUM_CONVERSION = YES;
				CLANG_WARN_INT_CONVERSION = YES;
				CLANG_WARN_OBJC_ROOT_CLASS = YES_ERROR;
				CLANG_WARN_UNREACHABLE_CODE = YES;
				CLANG_WARN__DUPLICATE_METHOD_MATCH = YES;
				"CODE_SIGN_IDENTITY[sdk=iphoneos*]" = "iPhone Developer";
				COPY_PHASE_STRIP = NO;
				DEBUG_INFORMATION_FORMAT = "dwarf-with-dsym";
				ENABLE_NS_ASSERTIONS = NO;
				ENABLE_STRICT_OBJC_MSGSEND = YES;
				GCC_C_LANGUAGE_STANDARD = gnu99;
				GCC_NO_COMMON_BLOCKS = YES;
				GCC_WARN_64_TO_32_BIT_CONVERSION = YES;
				GCC_WARN_ABOUT_RETURN_TYPE = YES_ERROR;
				GCC_WARN_UNDECLARED_SELECTOR = YES;
				GCC_WARN_UNINITIALIZED_AUTOS = YES_AGGRESSIVE;
				GCC_WARN_UNUSED_FUNCTION = YES;
				GCC_WARN_UNUSED_VARIABLE = YES;
				IPHONEOS_DEPLOYMENT_TARGET = 9.2;
				MTL_ENABLE_DEBUG_INFO = NO;
				SDKROOT = iphoneos;
				VALIDATE_PRODUCT = YES;
			};
			name = Release;
		};
		892926591D01074500246880 /* Debug */ = {
			isa = XCBuildConfiguration;
			buildSettings = {
				ASSETCATALOG_COMPILER_APPICON_NAME = AppIcon;
				INFOPLIST_FILE = "二级列表/Info.plist";
				LD_RUNPATH_SEARCH_PATHS = "$(inherited) @executable_path/Frameworks";
				PRODUCT_BUNDLE_IDENTIFIER = "liufubo.mac1.----";
				PRODUCT_NAME = "$(TARGET_NAME)";
			};
			name = Debug;
		};
		8929265A1D01074500246880 /* Release */ = {
			isa = XCBuildConfiguration;
			buildSettings = {
				ASSETCATALOG_COMPILER_APPICON_NAME = AppIcon;
				INFOPLIST_FILE = "二级列表/Info.plist";
				LD_RUNPATH_SEARCH_PATHS = "$(inherited) @executable_path/Frameworks";
				PRODUCT_BUNDLE_IDENTIFIER = "liufubo.mac1.----";
				PRODUCT_NAME = "$(TARGET_NAME)";
			};
			name = Release;
		};
		8929265C1D01074500246880 /* Debug */ = {
			isa = XCBuildConfiguration;
			buildSettings = {
				BUNDLE_LOADER = "$(TEST_HOST)";
				INFOPLIST_FILE = "二级列表Tests/Info.plist";
				LD_RUNPATH_SEARCH_PATHS = "$(inherited) @executable_path/Frameworks @loader_path/Frameworks";
				PRODUCT_BUNDLE_IDENTIFIER = "liufubo.mac1.----Tests";
				PRODUCT_NAME = "$(TARGET_NAME)";
				TEST_HOST = "$(BUILT_PRODUCTS_DIR)/二级列表.app/二级列表";
			};
			name = Debug;
		};
		8929265D1D01074500246880 /* Release */ = {
			isa = XCBuildConfiguration;
			buildSettings = {
				BUNDLE_LOADER = "$(TEST_HOST)";
				INFOPLIST_FILE = "二级列表Tests/Info.plist";
				LD_RUNPATH_SEARCH_PATHS = "$(inherited) @executable_path/Frameworks @loader_path/Frameworks";
				PRODUCT_BUNDLE_IDENTIFIER = "liufubo.mac1.----Tests";
				PRODUCT_NAME = "$(TARGET_NAME)";
				TEST_HOST = "$(BUILT_PRODUCTS_DIR)/二级列表.app/二级列表";
			};
			name = Release;
		};
		8929265F1D01074500246880 /* Debug */ = {
			isa = XCBuildConfiguration;
			buildSettings = {
				INFOPLIST_FILE = "二级列表UITests/Info.plist";
				LD_RUNPATH_SEARCH_PATHS = "$(inherited) @executable_path/Frameworks @loader_path/Frameworks";
				PRODUCT_BUNDLE_IDENTIFIER = "liufubo.mac1.----UITests";
				PRODUCT_NAME = "$(TARGET_NAME)";
				TEST_TARGET_NAME = "二级列表";
				USES_XCTRUNNER = YES;
			};
			name = Debug;
		};
		892926601D01074500246880 /* Release */ = {
			isa = XCBuildConfiguration;
			buildSettings = {
				INFOPLIST_FILE = "二级列表UITests/Info.plist";
				LD_RUNPATH_SEARCH_PATHS = "$(inherited) @executable_path/Frameworks @loader_path/Frameworks";
				PRODUCT_BUNDLE_IDENTIFIER = "liufubo.mac1.----UITests";
				PRODUCT_NAME = "$(TARGET_NAME)";
				TEST_TARGET_NAME = "二级列表";
				USES_XCTRUNNER = YES;
			};
			name = Release;
		};
/* End XCBuildConfiguration section */

/* Begin XCConfigurationList section */
		892926261D01074500246880 /* Build configuration list for PBXProject "二级列表" */ = {
			isa = XCConfigurationList;
			buildConfigurations = (
				892926561D01074500246880 /* Debug */,
				892926571D01074500246880 /* Release */,
			);
			defaultConfigurationIsVisible = 0;
			defaultConfigurationName = Release;
		};
		892926581D01074500246880 /* Build configuration list for PBXNativeTarget "二级列表" */ = {
			isa = XCConfigurationList;
			buildConfigurations = (
				892926591D01074500246880 /* Debug */,
				8929265A1D01074500246880 /* Release */,
			);
			defaultConfigurationIsVisible = 0;
			defaultConfigurationName = Release;
		};
		8929265B1D01074500246880 /* Build configuration list for PBXNativeTarget "二级列表Tests" */ = {
			isa = XCConfigurationList;
			buildConfigurations = (
				8929265C1D01074500246880 /* Debug */,
				8929265D1D01074500246880 /* Release */,
			);
			defaultConfigurationIsVisible = 0;
			defaultConfigurationName = Release;
		};
		8929265E1D01074500246880 /* Build configuration list for PBXNativeTarget "二级列表UITests" */ = {
			isa = XCConfigurationList;
			buildConfigurations = (
				8929265F1D01074500246880 /* Debug */,
				892926601D01074500246880 /* Release */,
			);
			defaultConfigurationIsVisible = 0;
			defaultConfigurationName = Release;
		};
/* End XCConfigurationList section */
	};
	rootObject = 892926231D01074500246880 /* Project object */;
}
